
Microsoft Visual Studio Solution File, Format Version 12.00
# Visual Studio Version 17
VisualStudioVersion = 17.0.31919.166
MinimumVisualStudioVersion = 10.0.40219.1
Project("{9A19103F-16F7-4668-BE54-9A1E7A4F7556}") = "SocialMediaPost", "SocialMediaPost\SocialMediaPost.csproj", "{A0EEECC6-B027-4DAF-990D-92889DD801A2}"
EndProject
Project("{FAE04EC0-301F-11D3-BF4B-00C04F79EFBC}") = "SocialMediaPost.Tests", "SocialMediaPost.Tests\SocialMediaPost.Tests.csproj", "{5577A82F-75D0-4A3B-B91C-828D000CD1DE}"
EndProject
Global
	GlobalSection(SolutionConfigurationPlatforms) = preSolution
		Debug|Any CPU = Debug|Any CPU
		Release|Any CPU = Release|Any CPU
	EndGlobalSection
	GlobalSection(ProjectConfigurationPlatforms) = postSolution
		{A0EEECC6-B027-4DAF-990D-92889DD801A2}.Debug|Any CPU.ActiveCfg = Debug|Any CPU
		{A0EEECC6-B027-4DAF-990D-92889DD801A2}.Debug|Any CPU.Build.0 = Debug|Any CPU
		{A0EEECC6-B027-4DAF-990D-92889DD801A2}.Release|Any CPU.ActiveCfg = Release|Any CPU
		{A0EEECC6-B027-4DAF-990D-92889DD801A2}.Release|Any CPU.Build.0 = Release|Any CPU
		{5577A82F-75D0-4A3B-B91C-828D000CD1DE}.Debug|Any CPU.ActiveCfg = Debug|Any CPU
		{5577A82F-75D0-4A3B-B91C-828D000CD1DE}.Debug|Any CPU.Build.0 = Debug|Any CPU
		{5577A82F-75D0-4A3B-B91C-828D000CD1DE}.Release|Any CPU.ActiveCfg = Release|Any CPU
		{5577A82F-75D0-4A3B-B91C-828D000CD1DE}.Release|Any CPU.Build.0 = Release|Any CPU
	EndGlobalSection
	GlobalSection(SolutionProperties) = preSolution
		HideSolutionNode = FALSE
	EndGlobalSection
	GlobalSection(ExtensibilityGlobals) = postSolution
		SolutionGuid = {DB368193-4D2C-4794-A850-E1564BC8488A}
	EndGlobalSection
EndGlobal
