
Microsoft Visual Studio Solution File, Format Version 12.00
# Visual Studio Version 17
VisualStudioVersion = 17.0.31919.166
MinimumVisualStudioVersion = 10.0.40219.1
Project("{9A19103F-16F7-4668-BE54-9A1E7A4F7556}") = "SocialMediaPost", "src\SocialMediaPost.csproj", "{AB3C0DC5-C35F-420B-9743-44C4ACCEC152}"
EndProject
Project("{9A19103F-16F7-4668-BE54-9A1E7A4F7556}") = "SocialMediaPost.Tests", "tests\SocialMediaPost.Tests.csproj", "{2309E166-1AA1-48B5-BF62-15CC5B2EF95E}"
EndProject
Global
	GlobalSection(SolutionConfigurationPlatforms) = preSolution
		Debug|Any CPU = Debug|Any CPU
		Release|Any CPU = Release|Any CPU
	EndGlobalSection
	GlobalSection(ProjectConfigurationPlatforms) = postSolution
		{AB3C0DC5-C35F-420B-9743-44C4ACCEC152}.Debug|Any CPU.ActiveCfg = Debug|Any CPU
		{AB3C0DC5-C35F-420B-9743-44C4ACCEC152}.Debug|Any CPU.Build.0 = Debug|Any CPU
		{AB3C0DC5-C35F-420B-9743-44C4ACCEC152}.Release|Any CPU.ActiveCfg = Release|Any CPU
		{AB3C0DC5-C35F-420B-9743-44C4ACCEC152}.Release|Any CPU.Build.0 = Release|Any CPU
		{2309E166-1AA1-48B5-BF62-15CC5B2EF95E}.Debug|Any CPU.ActiveCfg = Debug|Any CPU
		{2309E166-1AA1-48B5-BF62-15CC5B2EF95E}.Debug|Any CPU.Build.0 = Debug|Any CPU
		{2309E166-1AA1-48B5-BF62-15CC5B2EF95E}.Release|Any CPU.ActiveCfg = Release|Any CPU
		{2309E166-1AA1-48B5-BF62-15CC5B2EF95E}.Release|Any CPU.Build.0 = Release|Any CPU
	EndGlobalSection
	GlobalSection(SolutionProperties) = preSolution
		HideSolutionNode = FALSE
	EndGlobalSection
	GlobalSection(ExtensibilityGlobals) = postSolution
		SolutionGuid = {DB368193-4D2C-4794-A850-E1564BC8488A}
	EndGlobalSection
EndGlobal
